
Microsoft Visual Studio Solution File, Format Version 12.00
# Visual Studio Version 17
VisualStudioVersion = 17.3.32929.385
MinimumVisualStudioVersion = 10.0.40219.1
Project("{FAE04EC0-301F-11D3-BF4B-00C04F79EFBC}") = "FlappyArc.Windows", "FlappyArc.Windows\FlappyArc.Windows.csproj", "{80B73DBB-F20D-4E2A-8B54-61516A8D480A}"
EndProject
Project("{FAE04EC0-301F-11D3-BF4B-00C04F79EFBC}") = "FlappyArc", "FlappyArc\FlappyArc.csproj", "{65DE67F3-FEAA-46E3-9EFA-DC29E89B464F}"
EndProject
Project("{FAE04EC0-301F-11D3-BF4B-00C04F79EFBC}") = "Tsuki.Framework.Core", "Tsuki.Framework.Core\Tsuki.Framework.Core.csproj", "{BDDC3758-FF48-4339-ABDF-433B71831006}"
EndProject
Project("{FAE04EC0-301F-11D3-BF4B-00C04F79EFBC}") = "Tsuki.Framework.Novel", "Tsuki.Framework.Novel\Tsuki.Framework.Novel.csproj", "{D302D0E7-73A4-4CDE-9BCA-E52171C781FF}"
EndProject
Global
	GlobalSection(SolutionConfigurationPlatforms) = preSolution
		Debug|Any CPU = Debug|Any CPU
		Release|Any CPU = Release|Any CPU
	EndGlobalSection
	GlobalSection(ProjectConfigurationPlatforms) = postSolution
		{80B73DBB-F20D-4E2A-8B54-61516A8D480A}.Debug|Any CPU.ActiveCfg = Debug|Any CPU
		{80B73DBB-F20D-4E2A-8B54-61516A8D480A}.Debug|Any CPU.Build.0 = Debug|Any CPU
		{80B73DBB-F20D-4E2A-8B54-61516A8D480A}.Release|Any CPU.ActiveCfg = Release|Any CPU
		{80B73DBB-F20D-4E2A-8B54-61516A8D480A}.Release|Any CPU.Build.0 = Release|Any CPU
		{65DE67F3-FEAA-46E3-9EFA-DC29E89B464F}.Debug|Any CPU.ActiveCfg = Debug|Any CPU
		{65DE67F3-FEAA-46E3-9EFA-DC29E89B464F}.Debug|Any CPU.Build.0 = Debug|Any CPU
		{65DE67F3-FEAA-46E3-9EFA-DC29E89B464F}.Release|Any CPU.ActiveCfg = Release|Any CPU
		{65DE67F3-FEAA-46E3-9EFA-DC29E89B464F}.Release|Any CPU.Build.0 = Release|Any CPU
		{BDDC3758-FF48-4339-ABDF-433B71831006}.Debug|Any CPU.ActiveCfg = Debug|Any CPU
		{BDDC3758-FF48-4339-ABDF-433B71831006}.Debug|Any CPU.Build.0 = Debug|Any CPU
		{BDDC3758-FF48-4339-ABDF-433B71831006}.Release|Any CPU.ActiveCfg = Release|Any CPU
		{BDDC3758-FF48-4339-ABDF-433B71831006}.Release|Any CPU.Build.0 = Release|Any CPU
		{D302D0E7-73A4-4CDE-9BCA-E52171C781FF}.Debug|Any CPU.ActiveCfg = Debug|Any CPU
		{D302D0E7-73A4-4CDE-9BCA-E52171C781FF}.Debug|Any CPU.Build.0 = Debug|Any CPU
		{D302D0E7-73A4-4CDE-9BCA-E52171C781FF}.Release|Any CPU.ActiveCfg = Release|Any CPU
		{D302D0E7-73A4-4CDE-9BCA-E52171C781FF}.Release|Any CPU.Build.0 = Release|Any CPU
	EndGlobalSection
	GlobalSection(SolutionProperties) = preSolution
		HideSolutionNode = FALSE
	EndGlobalSection
	GlobalSection(ExtensibilityGlobals) = postSolution
		SolutionGuid = {86A9027B-CFD8-43C3-971D-21E94004129F}
	EndGlobalSection
EndGlobal
